// !$*UTF8*$!
{
	archiveVersion = 1;
	classes = {
	};
	objectVersion = 50;
	objects = {

/* Begin PBXBuildFile section */
		4C9F32E10825F49B48C7D5AC /* Pods_Collectify.framework in Frameworks */ = {isa = PBXBuildFile; fileRef = CE2CF9D2A59C011916E2B390 /* Pods_Collectify.framework */; };
		7A29C1BC224D73690069D362 /* Route.swift in Sources */ = {isa = PBXBuildFile; fileRef = 7A29C1BB224D73690069D362 /* Route.swift */; };
		7A29C1BE224D74BB0069D362 /* APIError.swift in Sources */ = {isa = PBXBuildFile; fileRef = 7A29C1BD224D74BB0069D362 /* APIError.swift */; };
		7A29C1C3224DA5010069D362 /* CustomCollections.swift in Sources */ = {isa = PBXBuildFile; fileRef = 7A29C1C2224DA5010069D362 /* CustomCollections.swift */; };
		7A29C1E7224DAD490069D362 /* CollectionsViewController.swift in Sources */ = {isa = PBXBuildFile; fileRef = 7A29C1E5224DAD490069D362 /* CollectionsViewController.swift */; };
		7A29C1E8224DAD490069D362 /* CollectionsViewController.xib in Resources */ = {isa = PBXBuildFile; fileRef = 7A29C1E6224DAD490069D362 /* CollectionsViewController.xib */; };
		7A29C1EC224DB08E0069D362 /* CollectionsCollectionViewCell.swift in Sources */ = {isa = PBXBuildFile; fileRef = 7A29C1EA224DB08E0069D362 /* CollectionsCollectionViewCell.swift */; };
		7A29C1ED224DB08E0069D362 /* CollectionsCollectionViewCell.xib in Resources */ = {isa = PBXBuildFile; fileRef = 7A29C1EB224DB08E0069D362 /* CollectionsCollectionViewCell.xib */; };
		7A29C1F0224DE0B20069D362 /* ProductsViewController.swift in Sources */ = {isa = PBXBuildFile; fileRef = 7A29C1EE224DE0B20069D362 /* ProductsViewController.swift */; };
		7A29C1F1224DE0B20069D362 /* ProductsViewController.xib in Resources */ = {isa = PBXBuildFile; fileRef = 7A29C1EF224DE0B20069D362 /* ProductsViewController.xib */; };
		7A29C1F3224E81790069D362 /* Collect.swift in Sources */ = {isa = PBXBuildFile; fileRef = 7A29C1F2224E81790069D362 /* Collect.swift */; };
		7A29C1F5224E90CC0069D362 /* Product.swift in Sources */ = {isa = PBXBuildFile; fileRef = 7A29C1F4224E90CC0069D362 /* Product.swift */; };
		7A29C1F8224EBAF60069D362 /* ProductCollectionViewCell.swift in Sources */ = {isa = PBXBuildFile; fileRef = 7A29C1F6224EBAF60069D362 /* ProductCollectionViewCell.swift */; };
		7A29C1F9224EBAF60069D362 /* ProductCollectionViewCell.xib in Resources */ = {isa = PBXBuildFile; fileRef = 7A29C1F7224EBAF60069D362 /* ProductCollectionViewCell.xib */; };
		7A29C1FC224EBD410069D362 /* CollectHeaderCollectionViewCell.swift in Sources */ = {isa = PBXBuildFile; fileRef = 7A29C1FA224EBD410069D362 /* CollectHeaderCollectionViewCell.swift */; };
		7A29C1FD224EBD410069D362 /* CollectHeaderCollectionViewCell.xib in Resources */ = {isa = PBXBuildFile; fileRef = 7A29C1FB224EBD410069D362 /* CollectHeaderCollectionViewCell.xib */; };
		7AB327D9224D2F7E000CDFB5 /* AppDelegate.swift in Sources */ = {isa = PBXBuildFile; fileRef = 7AB327D8224D2F7E000CDFB5 /* AppDelegate.swift */; };
		7AB327E1224D2F7E000CDFB5 /* Collectify.xcdatamodeld in Sources */ = {isa = PBXBuildFile; fileRef = 7AB327DF224D2F7E000CDFB5 /* Collectify.xcdatamodeld */; };
		7AB327E3224D2F81000CDFB5 /* Assets.xcassets in Resources */ = {isa = PBXBuildFile; fileRef = 7AB327E2224D2F81000CDFB5 /* Assets.xcassets */; };
		7AB327E6224D2F81000CDFB5 /* LaunchScreen.storyboard in Resources */ = {isa = PBXBuildFile; fileRef = 7AB327E4224D2F81000CDFB5 /* LaunchScreen.storyboard */; };
		7AB327F1224D30F8000CDFB5 /* CustomCollection.swift in Sources */ = {isa = PBXBuildFile; fileRef = 7AB327F0224D30F8000CDFB5 /* CustomCollection.swift */; };
		7AB327F3224D3B00000CDFB5 /* CollectionImage.swift in Sources */ = {isa = PBXBuildFile; fileRef = 7AB327F2224D3B00000CDFB5 /* CollectionImage.swift */; };
		7AB6764B224D3E6700DB9ECB /* CustomCollectionService.swift in Sources */ = {isa = PBXBuildFile; fileRef = 7AB6764A224D3E6700DB9ECB /* CustomCollectionService.swift */; };
		7ABDC53E224EDD54009F8A55 /* AlertPresent.swift in Sources */ = {isa = PBXBuildFile; fileRef = 7ABDC53D224EDD54009F8A55 /* AlertPresent.swift */; };
/* End PBXBuildFile section */

/* Begin PBXFileReference section */
		0D7AB79A8308D2D50DA53221 /* Pods-Collectify.release.xcconfig */ = {isa = PBXFileReference; includeInIndex = 1; lastKnownFileType = text.xcconfig; name = "Pods-Collectify.release.xcconfig"; path = "Pods/Target Support Files/Pods-Collectify/Pods-Collectify.release.xcconfig"; sourceTree = "<group>"; };
		3C5B324CEADC2C051A9A5BA2 /* Pods-Collectify.debug.xcconfig */ = {isa = PBXFileReference; includeInIndex = 1; lastKnownFileType = text.xcconfig; name = "Pods-Collectify.debug.xcconfig"; path = "Pods/Target Support Files/Pods-Collectify/Pods-Collectify.debug.xcconfig"; sourceTree = "<group>"; };
		7A29C1BB224D73690069D362 /* Route.swift */ = {isa = PBXFileReference; lastKnownFileType = sourcecode.swift; path = Route.swift; sourceTree = "<group>"; };
		7A29C1BD224D74BB0069D362 /* APIError.swift */ = {isa = PBXFileReference; lastKnownFileType = sourcecode.swift; path = APIError.swift; sourceTree = "<group>"; };
		7A29C1C2224DA5010069D362 /* CustomCollections.swift */ = {isa = PBXFileReference; lastKnownFileType = sourcecode.swift; path = CustomCollections.swift; sourceTree = "<group>"; };
		7A29C1E5224DAD490069D362 /* CollectionsViewController.swift */ = {isa = PBXFileReference; lastKnownFileType = sourcecode.swift; path = CollectionsViewController.swift; sourceTree = "<group>"; };
		7A29C1E6224DAD490069D362 /* CollectionsViewController.xib */ = {isa = PBXFileReference; lastKnownFileType = file.xib; path = CollectionsViewController.xib; sourceTree = "<group>"; };
		7A29C1EA224DB08E0069D362 /* CollectionsCollectionViewCell.swift */ = {isa = PBXFileReference; lastKnownFileType = sourcecode.swift; path = CollectionsCollectionViewCell.swift; sourceTree = "<group>"; };
		7A29C1EB224DB08E0069D362 /* CollectionsCollectionViewCell.xib */ = {isa = PBXFileReference; lastKnownFileType = file.xib; path = CollectionsCollectionViewCell.xib; sourceTree = "<group>"; };
		7A29C1EE224DE0B20069D362 /* ProductsViewController.swift */ = {isa = PBXFileReference; lastKnownFileType = sourcecode.swift; path = ProductsViewController.swift; sourceTree = "<group>"; };
		7A29C1EF224DE0B20069D362 /* ProductsViewController.xib */ = {isa = PBXFileReference; lastKnownFileType = file.xib; path = ProductsViewController.xib; sourceTree = "<group>"; };
		7A29C1F2224E81790069D362 /* Collect.swift */ = {isa = PBXFileReference; lastKnownFileType = sourcecode.swift; path = Collect.swift; sourceTree = "<group>"; };
		7A29C1F4224E90CC0069D362 /* Product.swift */ = {isa = PBXFileReference; lastKnownFileType = sourcecode.swift; path = Product.swift; sourceTree = "<group>"; };
		7A29C1F6224EBAF60069D362 /* ProductCollectionViewCell.swift */ = {isa = PBXFileReference; lastKnownFileType = sourcecode.swift; path = ProductCollectionViewCell.swift; sourceTree = "<group>"; };
		7A29C1F7224EBAF60069D362 /* ProductCollectionViewCell.xib */ = {isa = PBXFileReference; lastKnownFileType = file.xib; path = ProductCollectionViewCell.xib; sourceTree = "<group>"; };
		7A29C1FA224EBD410069D362 /* CollectHeaderCollectionViewCell.swift */ = {isa = PBXFileReference; lastKnownFileType = sourcecode.swift; path = CollectHeaderCollectionViewCell.swift; sourceTree = "<group>"; };
		7A29C1FB224EBD410069D362 /* CollectHeaderCollectionViewCell.xib */ = {isa = PBXFileReference; lastKnownFileType = file.xib; path = CollectHeaderCollectionViewCell.xib; sourceTree = "<group>"; };
		7AB327D5224D2F7E000CDFB5 /* Collectify.app */ = {isa = PBXFileReference; explicitFileType = wrapper.application; includeInIndex = 0; path = Collectify.app; sourceTree = BUILT_PRODUCTS_DIR; };
		7AB327D8224D2F7E000CDFB5 /* AppDelegate.swift */ = {isa = PBXFileReference; lastKnownFileType = sourcecode.swift; path = AppDelegate.swift; sourceTree = "<group>"; };
		7AB327E0224D2F7E000CDFB5 /* Collectify.xcdatamodel */ = {isa = PBXFileReference; lastKnownFileType = wrapper.xcdatamodel; path = Collectify.xcdatamodel; sourceTree = "<group>"; };
		7AB327E2224D2F81000CDFB5 /* Assets.xcassets */ = {isa = PBXFileReference; lastKnownFileType = folder.assetcatalog; path = Assets.xcassets; sourceTree = "<group>"; };
		7AB327E5224D2F81000CDFB5 /* Base */ = {isa = PBXFileReference; lastKnownFileType = file.storyboard; name = Base; path = Base.lproj/LaunchScreen.storyboard; sourceTree = "<group>"; };
		7AB327E7224D2F81000CDFB5 /* Info.plist */ = {isa = PBXFileReference; lastKnownFileType = text.plist.xml; path = Info.plist; sourceTree = "<group>"; };
		7AB327F0224D30F8000CDFB5 /* CustomCollection.swift */ = {isa = PBXFileReference; lastKnownFileType = sourcecode.swift; path = CustomCollection.swift; sourceTree = "<group>"; };
		7AB327F2224D3B00000CDFB5 /* CollectionImage.swift */ = {isa = PBXFileReference; lastKnownFileType = sourcecode.swift; path = CollectionImage.swift; sourceTree = "<group>"; };
		7AB6764A224D3E6700DB9ECB /* CustomCollectionService.swift */ = {isa = PBXFileReference; lastKnownFileType = sourcecode.swift; path = CustomCollectionService.swift; sourceTree = "<group>"; };
		7ABDC53D224EDD54009F8A55 /* AlertPresent.swift */ = {isa = PBXFileReference; lastKnownFileType = sourcecode.swift; path = AlertPresent.swift; sourceTree = "<group>"; };
		CE2CF9D2A59C011916E2B390 /* Pods_Collectify.framework */ = {isa = PBXFileReference; explicitFileType = wrapper.framework; includeInIndex = 0; path = Pods_Collectify.framework; sourceTree = BUILT_PRODUCTS_DIR; };
/* End PBXFileReference section */

/* Begin PBXFrameworksBuildPhase section */
		7AB327D2224D2F7E000CDFB5 /* Frameworks */ = {
			isa = PBXFrameworksBuildPhase;
			buildActionMask = 2147483647;
			files = (
				4C9F32E10825F49B48C7D5AC /* Pods_Collectify.framework in Frameworks */,
			);
			runOnlyForDeploymentPostprocessing = 0;
		};
/* End PBXFrameworksBuildPhase section */

/* Begin PBXGroup section */
		0215E85A82FC64215A9F2DA7 /* Frameworks */ = {
			isa = PBXGroup;
			children = (
				CE2CF9D2A59C011916E2B390 /* Pods_Collectify.framework */,
			);
			name = Frameworks;
			sourceTree = "<group>";
		};
		2F5DF955F1423A1F8E493524 /* Pods */ = {
			isa = PBXGroup;
			children = (
				3C5B324CEADC2C051A9A5BA2 /* Pods-Collectify.debug.xcconfig */,
				0D7AB79A8308D2D50DA53221 /* Pods-Collectify.release.xcconfig */,
			);
			name = Pods;
			sourceTree = "<group>";
		};
		7A29C1BA224D73570069D362 /* Helpers */ = {
			isa = PBXGroup;
			children = (
				7A29C1BB224D73690069D362 /* Route.swift */,
				7ABDC53D224EDD54009F8A55 /* AlertPresent.swift */,
			);
			path = Helpers;
			sourceTree = "<group>";
		};
		7A29C1E9224DB03E0069D362 /* Cells */ = {
			isa = PBXGroup;
			children = (
				7A29C1EA224DB08E0069D362 /* CollectionsCollectionViewCell.swift */,
				7A29C1EB224DB08E0069D362 /* CollectionsCollectionViewCell.xib */,
				7A29C1F6224EBAF60069D362 /* ProductCollectionViewCell.swift */,
				7A29C1F7224EBAF60069D362 /* ProductCollectionViewCell.xib */,
				7A29C1FA224EBD410069D362 /* CollectHeaderCollectionViewCell.swift */,
				7A29C1FB224EBD410069D362 /* CollectHeaderCollectionViewCell.xib */,
			);
			path = Cells;
			sourceTree = "<group>";
		};
		7AB327CC224D2F7D000CDFB5 = {
			isa = PBXGroup;
			children = (
				7AB327D7224D2F7E000CDFB5 /* Collectify */,
				7AB327D6224D2F7E000CDFB5 /* Products */,
				2F5DF955F1423A1F8E493524 /* Pods */,
				0215E85A82FC64215A9F2DA7 /* Frameworks */,
			);
			sourceTree = "<group>";
		};
		7AB327D6224D2F7E000CDFB5 /* Products */ = {
			isa = PBXGroup;
			children = (
				7AB327D5224D2F7E000CDFB5 /* Collectify.app */,
			);
			name = Products;
			sourceTree = "<group>";
		};
		7AB327D7224D2F7E000CDFB5 /* Collectify */ = {
			isa = PBXGroup;
			children = (
				7A29C1BA224D73570069D362 /* Helpers */,
				7AB67649224D3E5100DB9ECB /* Services */,
				7AB327EF224D30CD000CDFB5 /* Controller */,
				7AB327EE224D30C2000CDFB5 /* View */,
				7AB327ED224D30BD000CDFB5 /* Model */,
				7AB327D8224D2F7E000CDFB5 /* AppDelegate.swift */,
				7AB327E2224D2F81000CDFB5 /* Assets.xcassets */,
				7AB327E4224D2F81000CDFB5 /* LaunchScreen.storyboard */,
				7AB327E7224D2F81000CDFB5 /* Info.plist */,
				7AB327DF224D2F7E000CDFB5 /* Collectify.xcdatamodeld */,
			);
			path = Collectify;
			sourceTree = "<group>";
		};
		7AB327ED224D30BD000CDFB5 /* Model */ = {
			isa = PBXGroup;
			children = (
				7AB327F0224D30F8000CDFB5 /* CustomCollection.swift */,
				7AB327F2224D3B00000CDFB5 /* CollectionImage.swift */,
				7A29C1C2224DA5010069D362 /* CustomCollections.swift */,
				7A29C1F2224E81790069D362 /* Collect.swift */,
				7A29C1F4224E90CC0069D362 /* Product.swift */,
			);
			path = Model;
			sourceTree = "<group>";
		};
		7AB327EE224D30C2000CDFB5 /* View */ = {
			isa = PBXGroup;
			children = (
				7A29C1E9224DB03E0069D362 /* Cells */,
				7A29C1E6224DAD490069D362 /* CollectionsViewController.xib */,
				7A29C1EF224DE0B20069D362 /* ProductsViewController.xib */,
			);
			path = View;
			sourceTree = "<group>";
		};
		7AB327EF224D30CD000CDFB5 /* Controller */ = {
			isa = PBXGroup;
			children = (
				7A29C1E5224DAD490069D362 /* CollectionsViewController.swift */,
				7A29C1EE224DE0B20069D362 /* ProductsViewController.swift */,
			);
			path = Controller;
			sourceTree = "<group>";
		};
		7AB67649224D3E5100DB9ECB /* Services */ = {
			isa = PBXGroup;
			children = (
				7AB6764A224D3E6700DB9ECB /* CustomCollectionService.swift */,
				7A29C1BD224D74BB0069D362 /* APIError.swift */,
			);
			path = Services;
			sourceTree = "<group>";
		};
/* End PBXGroup section */

/* Begin PBXNativeTarget section */
		7AB327D4224D2F7E000CDFB5 /* Collectify */ = {
			isa = PBXNativeTarget;
			buildConfigurationList = 7AB327EA224D2F81000CDFB5 /* Build configuration list for PBXNativeTarget "Collectify" */;
			buildPhases = (
				66AEC0EAE6FC0151EF625F60 /* [CP] Check Pods Manifest.lock */,
				7AB327D1224D2F7E000CDFB5 /* Sources */,
				7AB327D2224D2F7E000CDFB5 /* Frameworks */,
				7AB327D3224D2F7E000CDFB5 /* Resources */,
				FD3EA0E6CA1C00F3F8FEAAD0 /* [CP] Embed Pods Frameworks */,
				9BBE1D1B9B60874114A5CC0F /* [CP] Copy Pods Resources */,
			);
			buildRules = (
			);
			dependencies = (
			);
			name = Collectify;
			productName = Collectify;
			productReference = 7AB327D5224D2F7E000CDFB5 /* Collectify.app */;
			productType = "com.apple.product-type.application";
		};
/* End PBXNativeTarget section */

/* Begin PBXProject section */
		7AB327CD224D2F7D000CDFB5 /* Project object */ = {
			isa = PBXProject;
			attributes = {
				LastSwiftUpdateCheck = 1010;
				LastUpgradeCheck = 1010;
				ORGANIZATIONNAME = "Noah Woodward";
				TargetAttributes = {
					7AB327D4224D2F7E000CDFB5 = {
						CreatedOnToolsVersion = 10.1;
					};
				};
			};
			buildConfigurationList = 7AB327D0224D2F7D000CDFB5 /* Build configuration list for PBXProject "Collectify" */;
			compatibilityVersion = "Xcode 9.3";
			developmentRegion = en;
			hasScannedForEncodings = 0;
			knownRegions = (
				en,
				Base,
			);
			mainGroup = 7AB327CC224D2F7D000CDFB5;
			productRefGroup = 7AB327D6224D2F7E000CDFB5 /* Products */;
			projectDirPath = "";
			projectRoot = "";
			targets = (
				7AB327D4224D2F7E000CDFB5 /* Collectify */,
			);
		};
/* End PBXProject section */

/* Begin PBXResourcesBuildPhase section */
		7AB327D3224D2F7E000CDFB5 /* Resources */ = {
			isa = PBXResourcesBuildPhase;
			buildActionMask = 2147483647;
			files = (
				7A29C1ED224DB08E0069D362 /* CollectionsCollectionViewCell.xib in Resources */,
				7AB327E6224D2F81000CDFB5 /* LaunchScreen.storyboard in Resources */,
				7A29C1FD224EBD410069D362 /* CollectHeaderCollectionViewCell.xib in Resources */,
				7A29C1F9224EBAF60069D362 /* ProductCollectionViewCell.xib in Resources */,
				7AB327E3224D2F81000CDFB5 /* Assets.xcassets in Resources */,
				7A29C1E8224DAD490069D362 /* CollectionsViewController.xib in Resources */,
				7A29C1F1224DE0B20069D362 /* ProductsViewController.xib in Resources */,
			);
			runOnlyForDeploymentPostprocessing = 0;
		};
/* End PBXResourcesBuildPhase section */

/* Begin PBXShellScriptBuildPhase section */
		66AEC0EAE6FC0151EF625F60 /* [CP] Check Pods Manifest.lock */ = {
			isa = PBXShellScriptBuildPhase;
			buildActionMask = 2147483647;
			files = (
			);
			inputFileListPaths = (
			);
			inputPaths = (
				"${PODS_PODFILE_DIR_PATH}/Podfile.lock",
				"${PODS_ROOT}/Manifest.lock",
			);
			name = "[CP] Check Pods Manifest.lock";
			outputFileListPaths = (
			);
			outputPaths = (
				"$(DERIVED_FILE_DIR)/Pods-Collectify-checkManifestLockResult.txt",
			);
			runOnlyForDeploymentPostprocessing = 0;
			shellPath = /bin/sh;
			shellScript = "diff \"${PODS_PODFILE_DIR_PATH}/Podfile.lock\" \"${PODS_ROOT}/Manifest.lock\" > /dev/null\nif [ $? != 0 ] ; then\n    # print error to STDERR\n    echo \"error: The sandbox is not in sync with the Podfile.lock. Run 'pod install' or update your CocoaPods installation.\" >&2\n    exit 1\nfi\n# This output is used by Xcode 'outputs' to avoid re-running this script phase.\necho \"SUCCESS\" > \"${SCRIPT_OUTPUT_FILE_0}\"\n";
			showEnvVarsInLog = 0;
		};
		9BBE1D1B9B60874114A5CC0F /* [CP] Copy Pods Resources */ = {
			isa = PBXShellScriptBuildPhase;
			buildActionMask = 2147483647;
			files = (
			);
			inputFileListPaths = (
			);
			inputPaths = (
			);
			name = "[CP] Copy Pods Resources";
			outputFileListPaths = (
			);
			outputPaths = (
			);
			runOnlyForDeploymentPostprocessing = 0;
			shellPath = /bin/sh;
			shellScript = "\"${SRCROOT}/Pods/Target Support Files/Pods-Collectify/Pods-Collectify-resources.sh\"\n";
			showEnvVarsInLog = 0;
		};
		FD3EA0E6CA1C00F3F8FEAAD0 /* [CP] Embed Pods Frameworks */ = {
			isa = PBXShellScriptBuildPhase;
			buildActionMask = 2147483647;
			files = (
			);
			inputFileListPaths = (
			);
			inputPaths = (
				"${SRCROOT}/Pods/Target Support Files/Pods-Collectify/Pods-Collectify-frameworks.sh",
				"${BUILT_PRODUCTS_DIR}/Alamofire/Alamofire.framework",
				"${BUILT_PRODUCTS_DIR}/Kingfisher/Kingfisher.framework",
				"${BUILT_PRODUCTS_DIR}/Result/Result.framework",
			);
			name = "[CP] Embed Pods Frameworks";
			outputFileListPaths = (
			);
			outputPaths = (
				"${TARGET_BUILD_DIR}/${FRAMEWORKS_FOLDER_PATH}/Alamofire.framework",
				"${TARGET_BUILD_DIR}/${FRAMEWORKS_FOLDER_PATH}/Kingfisher.framework",
				"${TARGET_BUILD_DIR}/${FRAMEWORKS_FOLDER_PATH}/Result.framework",
			);
			runOnlyForDeploymentPostprocessing = 0;
			shellPath = /bin/sh;
			shellScript = "\"${SRCROOT}/Pods/Target Support Files/Pods-Collectify/Pods-Collectify-frameworks.sh\"\n";
			showEnvVarsInLog = 0;
		};
/* End PBXShellScriptBuildPhase section */

/* Begin PBXSourcesBuildPhase section */
		7AB327D1224D2F7E000CDFB5 /* Sources */ = {
			isa = PBXSourcesBuildPhase;
			buildActionMask = 2147483647;
			files = (
				7A29C1E7224DAD490069D362 /* CollectionsViewController.swift in Sources */,
				7AB327E1224D2F7E000CDFB5 /* Collectify.xcdatamodeld in Sources */,
				7A29C1F8224EBAF60069D362 /* ProductCollectionViewCell.swift in Sources */,
				7A29C1EC224DB08E0069D362 /* CollectionsCollectionViewCell.swift in Sources */,
				7AB327F3224D3B00000CDFB5 /* CollectionImage.swift in Sources */,
				7A29C1F0224DE0B20069D362 /* ProductsViewController.swift in Sources */,
				7ABDC53E224EDD54009F8A55 /* AlertPresent.swift in Sources */,
				7A29C1C3224DA5010069D362 /* CustomCollections.swift in Sources */,
				7AB327D9224D2F7E000CDFB5 /* AppDelegate.swift in Sources */,
				7AB6764B224D3E6700DB9ECB /* CustomCollectionService.swift in Sources */,
				7A29C1FC224EBD410069D362 /* CollectHeaderCollectionViewCell.swift in Sources */,
				7A29C1BE224D74BB0069D362 /* APIError.swift in Sources */,
				7A29C1BC224D73690069D362 /* Route.swift in Sources */,
				7A29C1F3224E81790069D362 /* Collect.swift in Sources */,
				7AB327F1224D30F8000CDFB5 /* CustomCollection.swift in Sources */,
				7A29C1F5224E90CC0069D362 /* Product.swift in Sources */,
			);
			runOnlyForDeploymentPostprocessing = 0;
		};
/* End PBXSourcesBuildPhase section */

/* Begin PBXVariantGroup section */
		7AB327E4224D2F81000CDFB5 /* LaunchScreen.storyboard */ = {
			isa = PBXVariantGroup;
			children = (
				7AB327E5224D2F81000CDFB5 /* Base */,
			);
			name = LaunchScreen.storyboard;
			sourceTree = "<group>";
		};
/* End PBXVariantGroup section */

/* Begin XCBuildConfiguration section */
		7AB327E8224D2F81000CDFB5 /* Debug */ = {
			isa = XCBuildConfiguration;
			buildSettings = {
				ALWAYS_SEARCH_USER_PATHS = NO;
				CLANG_ANALYZER_NONNULL = YES;
				CLANG_ANALYZER_NUMBER_OBJECT_CONVERSION = YES_AGGRESSIVE;
				CLANG_CXX_LANGUAGE_STANDARD = "gnu++14";
				CLANG_CXX_LIBRARY = "libc++";
				CLANG_ENABLE_MODULES = YES;
				CLANG_ENABLE_OBJC_ARC = YES;
				CLANG_ENABLE_OBJC_WEAK = YES;
				CLANG_WARN_BLOCK_CAPTURE_AUTORELEASING = YES;
				CLANG_WARN_BOOL_CONVERSION = YES;
				CLANG_WARN_COMMA = YES;
				CLANG_WARN_CONSTANT_CONVERSION = YES;
				CLANG_WARN_DEPRECATED_OBJC_IMPLEMENTATIONS = YES;
				CLANG_WARN_DIRECT_OBJC_ISA_USAGE = YES_ERROR;
				CLANG_WARN_DOCUMENTATION_COMMENTS = YES;
				CLANG_WARN_EMPTY_BODY = YES;
				CLANG_WARN_ENUM_CONVERSION = YES;
				CLANG_WARN_INFINITE_RECURSION = YES;
				CLANG_WARN_INT_CONVERSION = YES;
				CLANG_WARN_NON_LITERAL_NULL_CONVERSION = YES;
				CLANG_WARN_OBJC_IMPLICIT_RETAIN_SELF = YES;
				CLANG_WARN_OBJC_LITERAL_CONVERSION = YES;
				CLANG_WARN_OBJC_ROOT_CLASS = YES_ERROR;
				CLANG_WARN_RANGE_LOOP_ANALYSIS = YES;
				CLANG_WARN_STRICT_PROTOTYPES = YES;
				CLANG_WARN_SUSPICIOUS_MOVE = YES;
				CLANG_WARN_UNGUARDED_AVAILABILITY = YES_AGGRESSIVE;
				CLANG_WARN_UNREACHABLE_CODE = YES;
				CLANG_WARN__DUPLICATE_METHOD_MATCH = YES;
				CODE_SIGN_IDENTITY = "iPhone Developer";
				COPY_PHASE_STRIP = NO;
				DEBUG_INFORMATION_FORMAT = dwarf;
				ENABLE_STRICT_OBJC_MSGSEND = YES;
				ENABLE_TESTABILITY = YES;
				GCC_C_LANGUAGE_STANDARD = gnu11;
				GCC_DYNAMIC_NO_PIC = NO;
				GCC_NO_COMMON_BLOCKS = YES;
				GCC_OPTIMIZATION_LEVEL = 0;
				GCC_PREPROCESSOR_DEFINITIONS = (
					"DEBUG=1",
					"$(inherited)",
				);
				GCC_WARN_64_TO_32_BIT_CONVERSION = YES;
				GCC_WARN_ABOUT_RETURN_TYPE = YES_ERROR;
				GCC_WARN_UNDECLARED_SELECTOR = YES;
				GCC_WARN_UNINITIALIZED_AUTOS = YES_AGGRESSIVE;
				GCC_WARN_UNUSED_FUNCTION = YES;
				GCC_WARN_UNUSED_VARIABLE = YES;
				IPHONEOS_DEPLOYMENT_TARGET = 12.1;
				MTL_ENABLE_DEBUG_INFO = INCLUDE_SOURCE;
				MTL_FAST_MATH = YES;
				ONLY_ACTIVE_ARCH = YES;
				SDKROOT = iphoneos;
				SWIFT_ACTIVE_COMPILATION_CONDITIONS = DEBUG;
				SWIFT_OPTIMIZATION_LEVEL = "-Onone";
			};
			name = Debug;
		};
		7AB327E9224D2F81000CDFB5 /* Release */ = {
			isa = XCBuildConfiguration;
			buildSettings = {
				ALWAYS_SEARCH_USER_PATHS = NO;
				CLANG_ANALYZER_NONNULL = YES;
				CLANG_ANALYZER_NUMBER_OBJECT_CONVERSION = YES_AGGRESSIVE;
				CLANG_CXX_LANGUAGE_STANDARD = "gnu++14";
				CLANG_CXX_LIBRARY = "libc++";
				CLANG_ENABLE_MODULES = YES;
				CLANG_ENABLE_OBJC_ARC = YES;
				CLANG_ENABLE_OBJC_WEAK = YES;
				CLANG_WARN_BLOCK_CAPTURE_AUTORELEASING = YES;
				CLANG_WARN_BOOL_CONVERSION = YES;
				CLANG_WARN_COMMA = YES;
				CLANG_WARN_CONSTANT_CONVERSION = YES;
				CLANG_WARN_DEPRECATED_OBJC_IMPLEMENTATIONS = YES;
				CLANG_WARN_DIRECT_OBJC_ISA_USAGE = YES_ERROR;
				CLANG_WARN_DOCUMENTATION_COMMENTS = YES;
				CLANG_WARN_EMPTY_BODY = YES;
				CLANG_WARN_ENUM_CONVERSION = YES;
				CLANG_WARN_INFINITE_RECURSION = YES;
				CLANG_WARN_INT_CONVERSION = YES;
				CLANG_WARN_NON_LITERAL_NULL_CONVERSION = YES;
				CLANG_WARN_OBJC_IMPLICIT_RETAIN_SELF = YES;
				CLANG_WARN_OBJC_LITERAL_CONVERSION = YES;
				CLANG_WARN_OBJC_ROOT_CLASS = YES_ERROR;
				CLANG_WARN_RANGE_LOOP_ANALYSIS = YES;
				CLANG_WARN_STRICT_PROTOTYPES = YES;
				CLANG_WARN_SUSPICIOUS_MOVE = YES;
				CLANG_WARN_UNGUARDED_AVAILABILITY = YES_AGGRESSIVE;
				CLANG_WARN_UNREACHABLE_CODE = YES;
				CLANG_WARN__DUPLICATE_METHOD_MATCH = YES;
				CODE_SIGN_IDENTITY = "iPhone Developer";
				COPY_PHASE_STRIP = NO;
				DEBUG_INFORMATION_FORMAT = "dwarf-with-dsym";
				ENABLE_NS_ASSERTIONS = NO;
				ENABLE_STRICT_OBJC_MSGSEND = YES;
				GCC_C_LANGUAGE_STANDARD = gnu11;
				GCC_NO_COMMON_BLOCKS = YES;
				GCC_WARN_64_TO_32_BIT_CONVERSION = YES;
				GCC_WARN_ABOUT_RETURN_TYPE = YES_ERROR;
				GCC_WARN_UNDECLARED_SELECTOR = YES;
				GCC_WARN_UNINITIALIZED_AUTOS = YES_AGGRESSIVE;
				GCC_WARN_UNUSED_FUNCTION = YES;
				GCC_WARN_UNUSED_VARIABLE = YES;
				IPHONEOS_DEPLOYMENT_TARGET = 12.1;
				MTL_ENABLE_DEBUG_INFO = NO;
				MTL_FAST_MATH = YES;
				SDKROOT = iphoneos;
				SWIFT_COMPILATION_MODE = wholemodule;
				SWIFT_OPTIMIZATION_LEVEL = "-O";
				VALIDATE_PRODUCT = YES;
			};
			name = Release;
		};
		7AB327EB224D2F81000CDFB5 /* Debug */ = {
			isa = XCBuildConfiguration;
			baseConfigurationReference = 3C5B324CEADC2C051A9A5BA2 /* Pods-Collectify.debug.xcconfig */;
			buildSettings = {
				ASSETCATALOG_COMPILER_APPICON_NAME = AppIcon;
				CODE_SIGN_STYLE = Automatic;
				DEVELOPMENT_TEAM = QBGPXWFD5T;
				INFOPLIST_FILE = Collectify/Info.plist;
				LD_RUNPATH_SEARCH_PATHS = (
					"$(inherited)",
					"@executable_path/Frameworks",
				);
				PRODUCT_BUNDLE_IDENTIFIER = com.noahjwoodward.Collectify;
				PRODUCT_NAME = "$(TARGET_NAME)";
				SWIFT_VERSION = 4.2;
				TARGETED_DEVICE_FAMILY = "1,2";
			};
			name = Debug;
		};
		7AB327EC224D2F81000CDFB5 /* Release */ = {
			isa = XCBuildConfiguration;
			baseConfigurationReference = 0D7AB79A8308D2D50DA53221 /* Pods-Collectify.release.xcconfig */;
			buildSettings = {
				ASSETCATALOG_COMPILER_APPICON_NAME = AppIcon;
				CODE_SIGN_STYLE = Automatic;
				DEVELOPMENT_TEAM = QBGPXWFD5T;
				INFOPLIST_FILE = Collectify/Info.plist;
				LD_RUNPATH_SEARCH_PATHS = (
					"$(inherited)",
					"@executable_path/Frameworks",
				);
				PRODUCT_BUNDLE_IDENTIFIER = com.noahjwoodward.Collectify;
				PRODUCT_NAME = "$(TARGET_NAME)";
				SWIFT_VERSION = 4.2;
				TARGETED_DEVICE_FAMILY = "1,2";
			};
			name = Release;
		};
/* End XCBuildConfiguration section */

/* Begin XCConfigurationList section */
		7AB327D0224D2F7D000CDFB5 /* Build configuration list for PBXProject "Collectify" */ = {
			isa = XCConfigurationList;
			buildConfigurations = (
				7AB327E8224D2F81000CDFB5 /* Debug */,
				7AB327E9224D2F81000CDFB5 /* Release */,
			);
			defaultConfigurationIsVisible = 0;
			defaultConfigurationName = Release;
		};
		7AB327EA224D2F81000CDFB5 /* Build configuration list for PBXNativeTarget "Collectify" */ = {
			isa = XCConfigurationList;
			buildConfigurations = (
				7AB327EB224D2F81000CDFB5 /* Debug */,
				7AB327EC224D2F81000CDFB5 /* Release */,
			);
			defaultConfigurationIsVisible = 0;
			defaultConfigurationName = Release;
		};
/* End XCConfigurationList section */

/* Begin XCVersionGroup section */
		7AB327DF224D2F7E000CDFB5 /* Collectify.xcdatamodeld */ = {
			isa = XCVersionGroup;
			children = (
				7AB327E0224D2F7E000CDFB5 /* Collectify.xcdatamodel */,
			);
			currentVersion = 7AB327E0224D2F7E000CDFB5 /* Collectify.xcdatamodel */;
			path = Collectify.xcdatamodeld;
			sourceTree = "<group>";
			versionGroupType = wrapper.xcdatamodel;
		};
/* End XCVersionGroup section */
	};
	rootObject = 7AB327CD224D2F7D000CDFB5 /* Project object */;
}
